// !$*UTF8*$!
{
	archiveVersion = 1;
	classes = {
	};
	objectVersion = 77;
	objects = {

/* Begin PBXContainerItemProxy section */
		D30617E92DB52A640015F01F /* PBXContainerItemProxy */ = {
			isa = PBXContainerItemProxy;
			containerPortal = D30617CA2DB52A620015F01F /* Project object */;
			proxyType = 1;
			remoteGlobalIDString = D30617D12DB52A620015F01F;
			remoteInfo = "NFC-Bluetooth-Practice";
		};
		D30617F32DB52A640015F01F /* PBXContainerItemProxy */ = {
			isa = PBXContainerItemProxy;
			containerPortal = D30617CA2DB52A620015F01F /* Project object */;
			proxyType = 1;
			remoteGlobalIDString = D30617D12DB52A620015F01F;
			remoteInfo = "NFC-Bluetooth-Practice";
		};
/* End PBXContainerItemProxy section */

/* Begin PBXFileReference section */
		D30617D22DB52A620015F01F /* NFC-Bluetooth-Practice.app */ = {isa = PBXFileReference; explicitFileType = wrapper.application; includeInIndex = 0; path = "NFC-Bluetooth-Practice.app"; sourceTree = BUILT_PRODUCTS_DIR; };
		D30617E82DB52A640015F01F /* NFC-Bluetooth-PracticeTests.xctest */ = {isa = PBXFileReference; explicitFileType = wrapper.cfbundle; includeInIndex = 0; path = "NFC-Bluetooth-PracticeTests.xctest"; sourceTree = BUILT_PRODUCTS_DIR; };
		D30617F22DB52A640015F01F /* NFC-Bluetooth-PracticeUITests.xctest */ = {isa = PBXFileReference; explicitFileType = wrapper.cfbundle; includeInIndex = 0; path = "NFC-Bluetooth-PracticeUITests.xctest"; sourceTree = BUILT_PRODUCTS_DIR; };
/* End PBXFileReference section */

/* Begin PBXFileSystemSynchronizedBuildFileExceptionSet section */
		D30617FA2DB52A640015F01F /* Exceptions for "NFC-Bluetooth-Practice" folder in "NFC-Bluetooth-Practice" target */ = {
			isa = PBXFileSystemSynchronizedBuildFileExceptionSet;
			membershipExceptions = (
				Info.plist,
			);
			target = D30617D12DB52A620015F01F /* NFC-Bluetooth-Practice */;
		};
/* End PBXFileSystemSynchronizedBuildFileExceptionSet section */

/* Begin PBXFileSystemSynchronizedRootGroup section */
		D30617D42DB52A620015F01F /* NFC-Bluetooth-Practice */ = {
			isa = PBXFileSystemSynchronizedRootGroup;
			exceptions = (
				D30617FA2DB52A640015F01F /* Exceptions for "NFC-Bluetooth-Practice" folder in "NFC-Bluetooth-Practice" target */,
			);
			path = "NFC-Bluetooth-Practice";
			sourceTree = "<group>";
		};
		D30617EB2DB52A640015F01F /* NFC-Bluetooth-PracticeTests */ = {
			isa = PBXFileSystemSynchronizedRootGroup;
			path = "NFC-Bluetooth-PracticeTests";
			sourceTree = "<group>";
		};
		D30617F52DB52A640015F01F /* NFC-Bluetooth-PracticeUITests */ = {
			isa = PBXFileSystemSynchronizedRootGroup;
			path = "NFC-Bluetooth-PracticeUITests";
			sourceTree = "<group>";
		};
/* End PBXFileSystemSynchronizedRootGroup section */

/* Begin PBXFrameworksBuildPhase section */
		D30617CF2DB52A620015F01F /* Frameworks */ = {
			isa = PBXFrameworksBuildPhase;
			buildActionMask = 2147483647;
			files = (
			);
			runOnlyForDeploymentPostprocessing = 0;
		};
		D30617E52DB52A640015F01F /* Frameworks */ = {
			isa = PBXFrameworksBuildPhase;
			buildActionMask = 2147483647;
			files = (
			);
			runOnlyForDeploymentPostprocessing = 0;
		};
		D30617EF2DB52A640015F01F /* Frameworks */ = {
			isa = PBXFrameworksBuildPhase;
			buildActionMask = 2147483647;
			files = (
			);
			runOnlyForDeploymentPostprocessing = 0;
		};
/* End PBXFrameworksBuildPhase section */

/* Begin PBXGroup section */
		D30617C92DB52A620015F01F = {
			isa = PBXGroup;
			children = (
				D30617D42DB52A620015F01F /* NFC-Bluetooth-Practice */,
				D30617EB2DB52A640015F01F /* NFC-Bluetooth-PracticeTests */,
				D30617F52DB52A640015F01F /* NFC-Bluetooth-PracticeUITests */,
				D30617D32DB52A620015F01F /* Products */,
			);
			sourceTree = "<group>";
		};
		D30617D32DB52A620015F01F /* Products */ = {
			isa = PBXGroup;
			children = (
				D30617D22DB52A620015F01F /* NFC-Bluetooth-Practice.app */,
				D30617E82DB52A640015F01F /* NFC-Bluetooth-PracticeTests.xctest */,
				D30617F22DB52A640015F01F /* NFC-Bluetooth-PracticeUITests.xctest */,
			);
			name = Products;
			sourceTree = "<group>";
		};
/* End PBXGroup section */

/* Begin PBXNativeTarget section */
		D30617D12DB52A620015F01F /* NFC-Bluetooth-Practice */ = {
			isa = PBXNativeTarget;
			buildConfigurationList = D30617FB2DB52A640015F01F /* Build configuration list for PBXNativeTarget "NFC-Bluetooth-Practice" */;
			buildPhases = (
				D30617CE2DB52A620015F01F /* Sources */,
				D30617CF2DB52A620015F01F /* Frameworks */,
				D30617D02DB52A620015F01F /* Resources */,
			);
			buildRules = (
			);
			dependencies = (
			);
			fileSystemSynchronizedGroups = (
				D30617D42DB52A620015F01F /* NFC-Bluetooth-Practice */,
			);
			name = "NFC-Bluetooth-Practice";
			packageProductDependencies = (
			);
			productName = "NFC-Bluetooth-Practice";
			productReference = D30617D22DB52A620015F01F /* NFC-Bluetooth-Practice.app */;
			productType = "com.apple.product-type.application";
		};
		D30617E72DB52A640015F01F /* NFC-Bluetooth-PracticeTests */ = {
			isa = PBXNativeTarget;
			buildConfigurationList = D30618002DB52A640015F01F /* Build configuration list for PBXNativeTarget "NFC-Bluetooth-PracticeTests" */;
			buildPhases = (
				D30617E42DB52A640015F01F /* Sources */,
				D30617E52DB52A640015F01F /* Frameworks */,
				D30617E62DB52A640015F01F /* Resources */,
			);
			buildRules = (
			);
			dependencies = (
				D30617EA2DB52A640015F01F /* PBXTargetDependency */,
			);
			fileSystemSynchronizedGroups = (
				D30617EB2DB52A640015F01F /* NFC-Bluetooth-PracticeTests */,
			);
			name = "NFC-Bluetooth-PracticeTests";
			packageProductDependencies = (
			);
			productName = "NFC-Bluetooth-PracticeTests";
			productReference = D30617E82DB52A640015F01F /* NFC-Bluetooth-PracticeTests.xctest */;
			productType = "com.apple.product-type.bundle.unit-test";
		};
		D30617F12DB52A640015F01F /* NFC-Bluetooth-PracticeUITests */ = {
			isa = PBXNativeTarget;
			buildConfigurationList = D30618032DB52A640015F01F /* Build configuration list for PBXNativeTarget "NFC-Bluetooth-PracticeUITests" */;
			buildPhases = (
				D30617EE2DB52A640015F01F /* Sources */,
				D30617EF2DB52A640015F01F /* Frameworks */,
				D30617F02DB52A640015F01F /* Resources */,
			);
			buildRules = (
			);
			dependencies = (
				D30617F42DB52A640015F01F /* PBXTargetDependency */,
			);
			fileSystemSynchronizedGroups = (
				D30617F52DB52A640015F01F /* NFC-Bluetooth-PracticeUITests */,
			);
			name = "NFC-Bluetooth-PracticeUITests";
			packageProductDependencies = (
			);
			productName = "NFC-Bluetooth-PracticeUITests";
			productReference = D30617F22DB52A640015F01F /* NFC-Bluetooth-PracticeUITests.xctest */;
			productType = "com.apple.product-type.bundle.ui-testing";
		};
/* End PBXNativeTarget section */

/* Begin PBXProject section */
		D30617CA2DB52A620015F01F /* Project object */ = {
			isa = PBXProject;
			attributes = {
				BuildIndependentTargetsInParallel = 1;
				LastSwiftUpdateCheck = 1620;
				LastUpgradeCheck = 1620;
				TargetAttributes = {
					D30617D12DB52A620015F01F = {
						CreatedOnToolsVersion = 16.2;
					};
					D30617E72DB52A640015F01F = {
						CreatedOnToolsVersion = 16.2;
						TestTargetID = D30617D12DB52A620015F01F;
					};
					D30617F12DB52A640015F01F = {
						CreatedOnToolsVersion = 16.2;
						TestTargetID = D30617D12DB52A620015F01F;
					};
				};
			};
			buildConfigurationList = D30617CD2DB52A620015F01F /* Build configuration list for PBXProject "NFC-Bluetooth-Practice" */;
			developmentRegion = en;
			hasScannedForEncodings = 0;
			knownRegions = (
				en,
				Base,
			);
			mainGroup = D30617C92DB52A620015F01F;
			minimizedProjectReferenceProxies = 1;
			preferredProjectObjectVersion = 77;
			productRefGroup = D30617D32DB52A620015F01F /* Products */;
			projectDirPath = "";
			projectRoot = "";
			targets = (
				D30617D12DB52A620015F01F /* NFC-Bluetooth-Practice */,
				D30617E72DB52A640015F01F /* NFC-Bluetooth-PracticeTests */,
				D30617F12DB52A640015F01F /* NFC-Bluetooth-PracticeUITests */,
			);
		};
/* End PBXProject section */

/* Begin PBXResourcesBuildPhase section */
		D30617D02DB52A620015F01F /* Resources */ = {
			isa = PBXResourcesBuildPhase;
			buildActionMask = 2147483647;
			files = (
			);
			runOnlyForDeploymentPostprocessing = 0;
		};
		D30617E62DB52A640015F01F /* Resources */ = {
			isa = PBXResourcesBuildPhase;
			buildActionMask = 2147483647;
			files = (
			);
			runOnlyForDeploymentPostprocessing = 0;
		};
		D30617F02DB52A640015F01F /* Resources */ = {
			isa = PBXResourcesBuildPhase;
			buildActionMask = 2147483647;
			files = (
			);
			runOnlyForDeploymentPostprocessing = 0;
		};
/* End PBXResourcesBuildPhase section */

/* Begin PBXSourcesBuildPhase section */
		D30617CE2DB52A620015F01F /* Sources */ = {
			isa = PBXSourcesBuildPhase;
			buildActionMask = 2147483647;
			files = (
			);
			runOnlyForDeploymentPostprocessing = 0;
		};
		D30617E42DB52A640015F01F /* Sources */ = {
			isa = PBXSourcesBuildPhase;
			buildActionMask = 2147483647;
			files = (
			);
			runOnlyForDeploymentPostprocessing = 0;
		};
		D30617EE2DB52A640015F01F /* Sources */ = {
			isa = PBXSourcesBuildPhase;
			buildActionMask = 2147483647;
			files = (
			);
			runOnlyForDeploymentPostprocessing = 0;
		};
/* End PBXSourcesBuildPhase section */

/* Begin PBXTargetDependency section */
		D30617EA2DB52A640015F01F /* PBXTargetDependency */ = {
			isa = PBXTargetDependency;
			target = D30617D12DB52A620015F01F /* NFC-Bluetooth-Practice */;
			targetProxy = D30617E92DB52A640015F01F /* PBXContainerItemProxy */;
		};
		D30617F42DB52A640015F01F /* PBXTargetDependency */ = {
			isa = PBXTargetDependency;
			target = D30617D12DB52A620015F01F /* NFC-Bluetooth-Practice */;
			targetProxy = D30617F32DB52A640015F01F /* PBXContainerItemProxy */;
		};
/* End PBXTargetDependency section */

/* Begin XCBuildConfiguration section */
		D30617FC2DB52A640015F01F /* Debug */ = {
			isa = XCBuildConfiguration;
			buildSettings = {
				ASSETCATALOG_COMPILER_APPICON_NAME = AppIcon;
				ASSETCATALOG_COMPILER_GLOBAL_ACCENT_COLOR_NAME = AccentColor;
				CODE_SIGN_STYLE = Automatic;
				CURRENT_PROJECT_VERSION = 1;
				DEVELOPMENT_TEAM = 5862HZ6X6T;
				GENERATE_INFOPLIST_FILE = YES;
				INFOPLIST_FILE = "NFC-Bluetooth-Practice/Info.plist";
				INFOPLIST_KEY_UIApplicationSupportsIndirectInputEvents = YES;
				INFOPLIST_KEY_UILaunchStoryboardName = LaunchScreen;
				INFOPLIST_KEY_UISupportedInterfaceOrientations_iPad = "UIInterfaceOrientationPortrait UIInterfaceOrientationPortraitUpsideDown UIInterfaceOrientationLandscapeLeft UIInterfaceOrientationLandscapeRight";
				INFOPLIST_KEY_UISupportedInterfaceOrientations_iPhone = "UIInterfaceOrientationPortrait UIInterfaceOrientationLandscapeLeft UIInterfaceOrientationLandscapeRight";
				LD_RUNPATH_SEARCH_PATHS = (
					"$(inherited)",
					"@executable_path/Frameworks",
				);
				MARKETING_VERSION = 1.0;
				PRODUCT_BUNDLE_IDENTIFIER = "daweihao.NFC-Bluetooth-Practice";
				PRODUCT_NAME = "$(TARGET_NAME)";
				SWIFT_EMIT_LOC_STRINGS = YES;
				SWIFT_VERSION = 5.0;
				TARGETED_DEVICE_FAMILY = "1,2";
			};
			name = Debug;
		};
		D30617FD2DB52A640015F01F /* Release */ = {
			isa = XCBuildConfiguration;
			buildSettings = {
				ASSETCATALOG_COMPILER_APPICON_NAME = AppIcon;
				ASSETCATALOG_COMPILER_GLOBAL_ACCENT_COLOR_NAME = AccentColor;
				CODE_SIGN_STYLE = Automatic;
				CURRENT_PROJECT_VERSION = 1;
				DEVELOPMENT_TEAM = 5862HZ6X6T;
				GENERATE_INFOPLIST_FILE = YES;
				INFOPLIST_FILE = "NFC-Bluetooth-Practice/Info.plist";
				INFOPLIST_KEY_UIApplicationSupportsIndirectInputEvents = YES;
				INFOPLIST_KEY_UILaunchStoryboardName = LaunchScreen;
				INFOPLIST_KEY_UISupportedInterfaceOrientations_iPad = "UIInterfaceOrientationPortrait UIInterfaceOrientationPortraitUpsideDown UIInterfaceOrientationLandscapeLeft UIInterfaceOrientationLandscapeRight";
				INFOPLIST_KEY_UISupportedInterfaceOrientations_iPhone = "UIInterfaceOrientationPortrait UIInterfaceOrientationLandscapeLeft UIInterfaceOrientationLandscapeRight";
				LD_RUNPATH_SEARCH_PATHS = (
					"$(inherited)",
					"@executable_path/Frameworks",
				);
				MARKETING_VERSION = 1.0;
				PRODUCT_BUNDLE_IDENTIFIER = "daweihao.NFC-Bluetooth-Practice";
				PRODUCT_NAME = "$(TARGET_NAME)";
				SWIFT_EMIT_LOC_STRINGS = YES;
				SWIFT_VERSION = 5.0;
				TARGETED_DEVICE_FAMILY = "1,2";
			};
			name = Release;
		};
		D30617FE2DB52A640015F01F /* Debug */ = {
			isa = XCBuildConfiguration;
			buildSettings = {
				ALWAYS_SEARCH_USER_PATHS = NO;
				ASSETCATALOG_COMPILER_GENERATE_SWIFT_ASSET_SYMBOL_EXTENSIONS = YES;
				CLANG_ANALYZER_NONNULL = YES;
				CLANG_ANALYZER_NUMBER_OBJECT_CONVERSION = YES_AGGRESSIVE;
				CLANG_CXX_LANGUAGE_STANDARD = "gnu++20";
				CLANG_ENABLE_MODULES = YES;
				CLANG_ENABLE_OBJC_ARC = YES;
				CLANG_ENABLE_OBJC_WEAK = YES;
				CLANG_WARN_BLOCK_CAPTURE_AUTORELEASING = YES;
				CLANG_WARN_BOOL_CONVERSION = YES;
				CLANG_WARN_COMMA = YES;
				CLANG_WARN_CONSTANT_CONVERSION = YES;
				CLANG_WARN_DEPRECATED_OBJC_IMPLEMENTATIONS = YES;
				CLANG_WARN_DIRECT_OBJC_ISA_USAGE = YES_ERROR;
				CLANG_WARN_DOCUMENTATION_COMMENTS = YES;
				CLANG_WARN_EMPTY_BODY = YES;
				CLANG_WARN_ENUM_CONVERSION = YES;
				CLANG_WARN_INFINITE_RECURSION = YES;
				CLANG_WARN_INT_CONVERSION = YES;
				CLANG_WARN_NON_LITERAL_NULL_CONVERSION = YES;
				CLANG_WARN_OBJC_IMPLICIT_RETAIN_SELF = YES;
				CLANG_WARN_OBJC_LITERAL_CONVERSION = YES;
				CLANG_WARN_OBJC_ROOT_CLASS = YES_ERROR;
				CLANG_WARN_QUOTED_INCLUDE_IN_FRAMEWORK_HEADER = YES;
				CLANG_WARN_RANGE_LOOP_ANALYSIS = YES;
				CLANG_WARN_STRICT_PROTOTYPES = YES;
				CLANG_WARN_SUSPICIOUS_MOVE = YES;
				CLANG_WARN_UNGUARDED_AVAILABILITY = YES_AGGRESSIVE;
				CLANG_WARN_UNREACHABLE_CODE = YES;
				CLANG_WARN__DUPLICATE_METHOD_MATCH = YES;
				COPY_PHASE_STRIP = NO;
				DEBUG_INFORMATION_FORMAT = dwarf;
				ENABLE_STRICT_OBJC_MSGSEND = YES;
				ENABLE_TESTABILITY = YES;
				ENABLE_USER_SCRIPT_SANDBOXING = YES;
				GCC_C_LANGUAGE_STANDARD = gnu17;
				GCC_DYNAMIC_NO_PIC = NO;
				GCC_NO_COMMON_BLOCKS = YES;
				GCC_OPTIMIZATION_LEVEL = 0;
				GCC_PREPROCESSOR_DEFINITIONS = (
					"DEBUG=1",
					"$(inherited)",
				);
				GCC_WARN_64_TO_32_BIT_CONVERSION = YES;
				GCC_WARN_ABOUT_RETURN_TYPE = YES_ERROR;
				GCC_WARN_UNDECLARED_SELECTOR = YES;
				GCC_WARN_UNINITIALIZED_AUTOS = YES_AGGRESSIVE;
				GCC_WARN_UNUSED_FUNCTION = YES;
				GCC_WARN_UNUSED_VARIABLE = YES;
				IPHONEOS_DEPLOYMENT_TARGET = 18.2;
				LOCALIZATION_PREFERS_STRING_CATALOGS = YES;
				MTL_ENABLE_DEBUG_INFO = INCLUDE_SOURCE;
				MTL_FAST_MATH = YES;
				ONLY_ACTIVE_ARCH = YES;
				SDKROOT = iphoneos;
				SWIFT_ACTIVE_COMPILATION_CONDITIONS = "DEBUG $(inherited)";
				SWIFT_OPTIMIZATION_LEVEL = "-Onone";
			};
			name = Debug;
		};
		D30617FF2DB52A640015F01F /* Release */ = {
			isa = XCBuildConfiguration;
			buildSettings = {
				ALWAYS_SEARCH_USER_PATHS = NO;
				ASSETCATALOG_COMPILER_GENERATE_SWIFT_ASSET_SYMBOL_EXTENSIONS = YES;
				CLANG_ANALYZER_NONNULL = YES;
				CLANG_ANALYZER_NUMBER_OBJECT_CONVERSION = YES_AGGRESSIVE;
				CLANG_CXX_LANGUAGE_STANDARD = "gnu++20";
				CLANG_ENABLE_MODULES = YES;
				CLANG_ENABLE_OBJC_ARC = YES;
				CLANG_ENABLE_OBJC_WEAK = YES;
				CLANG_WARN_BLOCK_CAPTURE_AUTORELEASING = YES;
				CLANG_WARN_BOOL_CONVERSION = YES;
				CLANG_WARN_COMMA = YES;
				CLANG_WARN_CONSTANT_CONVERSION = YES;
				CLANG_WARN_DEPRECATED_OBJC_IMPLEMENTATIONS = YES;
				CLANG_WARN_DIRECT_OBJC_ISA_USAGE = YES_ERROR;
				CLANG_WARN_DOCUMENTATION_COMMENTS = YES;
				CLANG_WARN_EMPTY_BODY = YES;
				CLANG_WARN_ENUM_CONVERSION = YES;
				CLANG_WARN_INFINITE_RECURSION = YES;
				CLANG_WARN_INT_CONVERSION = YES;
				CLANG_WARN_NON_LITERAL_NULL_CONVERSION = YES;
				CLANG_WARN_OBJC_IMPLICIT_RETAIN_SELF = YES;
				CLANG_WARN_OBJC_LITERAL_CONVERSION = YES;
				CLANG_WARN_OBJC_ROOT_CLASS = YES_ERROR;
				CLANG_WARN_QUOTED_INCLUDE_IN_FRAMEWORK_HEADER = YES;
				CLANG_WARN_RANGE_LOOP_ANALYSIS = YES;
				CLANG_WARN_STRICT_PROTOTYPES = YES;
				CLANG_WARN_SUSPICIOUS_MOVE = YES;
				CLANG_WARN_UNGUARDED_AVAILABILITY = YES_AGGRESSIVE;
				CLANG_WARN_UNREACHABLE_CODE = YES;
				CLANG_WARN__DUPLICATE_METHOD_MATCH = YES;
				COPY_PHASE_STRIP = NO;
				DEBUG_INFORMATION_FORMAT = "dwarf-with-dsym";
				ENABLE_NS_ASSERTIONS = NO;
				ENABLE_STRICT_OBJC_MSGSEND = YES;
				ENABLE_USER_SCRIPT_SANDBOXING = YES;
				GCC_C_LANGUAGE_STANDARD = gnu17;
				GCC_NO_COMMON_BLOCKS = YES;
				GCC_WARN_64_TO_32_BIT_CONVERSION = YES;
				GCC_WARN_ABOUT_RETURN_TYPE = YES_ERROR;
				GCC_WARN_UNDECLARED_SELECTOR = YES;
				GCC_WARN_UNINITIALIZED_AUTOS = YES_AGGRESSIVE;
				GCC_WARN_UNUSED_FUNCTION = YES;
				GCC_WARN_UNUSED_VARIABLE = YES;
				IPHONEOS_DEPLOYMENT_TARGET = 18.2;
				LOCALIZATION_PREFERS_STRING_CATALOGS = YES;
				MTL_ENABLE_DEBUG_INFO = NO;
				MTL_FAST_MATH = YES;
				SDKROOT = iphoneos;
				SWIFT_COMPILATION_MODE = wholemodule;
				VALIDATE_PRODUCT = YES;
			};
			name = Release;
		};
		D30618012DB52A640015F01F /* Debug */ = {
			isa = XCBuildConfiguration;
			buildSettings = {
				BUNDLE_LOADER = "$(TEST_HOST)";
				CODE_SIGN_STYLE = Automatic;
				CURRENT_PROJECT_VERSION = 1;
				DEVELOPMENT_TEAM = 5862HZ6X6T;
				GENERATE_INFOPLIST_FILE = YES;
				IPHONEOS_DEPLOYMENT_TARGET = 18.2;
				MARKETING_VERSION = 1.0;
				PRODUCT_BUNDLE_IDENTIFIER = "daweihao.NFC-Bluetooth-PracticeTests";
				PRODUCT_NAME = "$(TARGET_NAME)";
				SWIFT_EMIT_LOC_STRINGS = NO;
				SWIFT_VERSION = 5.0;
				TARGETED_DEVICE_FAMILY = "1,2";
				TEST_HOST = "$(BUILT_PRODUCTS_DIR)/NFC-Bluetooth-Practice.app/$(BUNDLE_EXECUTABLE_FOLDER_PATH)/NFC-Bluetooth-Practice";
			};
			name = Debug;
		};
		D30618022DB52A640015F01F /* Release */ = {
			isa = XCBuildConfiguration;
			buildSettings = {
				BUNDLE_LOADER = "$(TEST_HOST)";
				CODE_SIGN_STYLE = Automatic;
				CURRENT_PROJECT_VERSION = 1;
				DEVELOPMENT_TEAM = 5862HZ6X6T;
				GENERATE_INFOPLIST_FILE = YES;
				IPHONEOS_DEPLOYMENT_TARGET = 18.2;
				MARKETING_VERSION = 1.0;
				PRODUCT_BUNDLE_IDENTIFIER = "daweihao.NFC-Bluetooth-PracticeTests";
				PRODUCT_NAME = "$(TARGET_NAME)";
				SWIFT_EMIT_LOC_STRINGS = NO;
				SWIFT_VERSION = 5.0;
				TARGETED_DEVICE_FAMILY = "1,2";
				TEST_HOST = "$(BUILT_PRODUCTS_DIR)/NFC-Bluetooth-Practice.app/$(BUNDLE_EXECUTABLE_FOLDER_PATH)/NFC-Bluetooth-Practice";
			};
			name = Release;
		};
		D30618042DB52A640015F01F /* Debug */ = {
			isa = XCBuildConfiguration;
			buildSettings = {
				CODE_SIGN_STYLE = Automatic;
				CURRENT_PROJECT_VERSION = 1;
				DEVELOPMENT_TEAM = 5862HZ6X6T;
				GENERATE_INFOPLIST_FILE = YES;
				MARKETING_VERSION = 1.0;
				PRODUCT_BUNDLE_IDENTIFIER = "daweihao.NFC-Bluetooth-PracticeUITests";
				PRODUCT_NAME = "$(TARGET_NAME)";
				SWIFT_EMIT_LOC_STRINGS = NO;
				SWIFT_VERSION = 5.0;
				TARGETED_DEVICE_FAMILY = "1,2";
				TEST_TARGET_NAME = "NFC-Bluetooth-Practice";
			};
			name = Debug;
		};
		D30618052DB52A640015F01F /* Release */ = {
			isa = XCBuildConfiguration;
			buildSettings = {
				CODE_SIGN_STYLE = Automatic;
				CURRENT_PROJECT_VERSION = 1;
				DEVELOPMENT_TEAM = 5862HZ6X6T;
				GENERATE_INFOPLIST_FILE = YES;
				MARKETING_VERSION = 1.0;
				PRODUCT_BUNDLE_IDENTIFIER = "daweihao.NFC-Bluetooth-PracticeUITests";
				PRODUCT_NAME = "$(TARGET_NAME)";
				SWIFT_EMIT_LOC_STRINGS = NO;
				SWIFT_VERSION = 5.0;
				TARGETED_DEVICE_FAMILY = "1,2";
				TEST_TARGET_NAME = "NFC-Bluetooth-Practice";
			};
			name = Release;
		};
/* End XCBuildConfiguration section */

/* Begin XCConfigurationList section */
		D30617CD2DB52A620015F01F /* Build configuration list for PBXProject "NFC-Bluetooth-Practice" */ = {
			isa = XCConfigurationList;
			buildConfigurations = (
				D30617FE2DB52A640015F01F /* Debug */,
				D30617FF2DB52A640015F01F /* Release */,
			);
			defaultConfigurationIsVisible = 0;
			defaultConfigurationName = Release;
		};
		D30617FB2DB52A640015F01F /* Build configuration list for PBXNativeTarget "NFC-Bluetooth-Practice" */ = {
			isa = XCConfigurationList;
			buildConfigurations = (
				D30617FC2DB52A640015F01F /* Debug */,
				D30617FD2DB52A640015F01F /* Release */,
			);
			defaultConfigurationIsVisible = 0;
			defaultConfigurationName = Release;
		};
		D30618002DB52A640015F01F /* Build configuration list for PBXNativeTarget "NFC-Bluetooth-PracticeTests" */ = {
			isa = XCConfigurationList;
			buildConfigurations = (
				D30618012DB52A640015F01F /* Debug */,
				D30618022DB52A640015F01F /* Release */,
			);
			defaultConfigurationIsVisible = 0;
			defaultConfigurationName = Release;
		};
		D30618032DB52A640015F01F /* Build configuration list for PBXNativeTarget "NFC-Bluetooth-PracticeUITests" */ = {
			isa = XCConfigurationList;
			buildConfigurations = (
				D30618042DB52A640015F01F /* Debug */,
				D30618052DB52A640015F01F /* Release */,
			);
			defaultConfigurationIsVisible = 0;
			defaultConfigurationName = Release;
		};
/* End XCConfigurationList section */
	};
	rootObject = D30617CA2DB52A620015F01F /* Project object */;
}
